version: 7
platforms:
- name: linux-64
  virtual-packages:
  - __unix=0=0
  - __linux=4.18
  - __glibc=2.28
  - __archspec=0=x86_64
environments:
  default:
    channels:
    - url: https://conda.anaconda.org/conda-forge/
    packages:
      linux-64:
      - conda: https://conda.anaconda.org/conda-forge/linux-64/_libgcc_mutex-0.1-conda_forge.tar.bz2
      - conda: https://conda.anaconda.org/conda-forge/linux-64/_openmp_mutex-4.5-2_gnu.tar.bz2
      - conda: https://conda.anaconda.org/conda-forge/linux-64/binutils_impl_linux-64-2.46.1-default_hfdba357_102.conda
      - conda: https://conda.anaconda.org/conda-forge/linux-64/gcc-9.5.0-h1fea6ba_13.conda
      - conda: https://conda.anaconda.org/conda-forge/linux-64/gcc_impl_linux-64-9.5.0-h99780fb_19.tar.bz2
      - conda: https://conda.anaconda.org/conda-forge/linux-64/gxx-9.5.0-h1fea6ba_13.conda
      - conda: https://conda.anaconda.org/conda-forge/linux-64/gxx_impl_linux-64-9.5.0-h99780fb_19.tar.bz2
      - conda: https://conda.anaconda.org/conda-forge/linux-64/ld_impl_linux-64-2.46.1-default_hbd61a6d_102.conda
      - conda: https://conda.anaconda.org/conda-forge/linux-64/libgcc-16.2.0-ha9f2e26_6.conda
      - conda: https://conda.anaconda.org/conda-forge/linux-64/libgcc-devel_linux-64-9.5.0-h0a57e50_19.tar.bz2
      - conda: https://conda.anaconda.org/conda-forge/linux-64/libgcc-ng-16.2.0-h69a702a_6.conda
      - conda: https://conda.anaconda.org/conda-forge/linux-64/libgomp-16.2.0-he0feb66_6.conda
      - conda: https://conda.anaconda.org/conda-forge/linux-64/libsanitizer-9.5.0-h2f262e1_19.tar.bz2
      - conda: https://conda.anaconda.org/conda-forge/linux-64/libstdcxx-16.2.0-h934c35e_6.conda
      - conda: https://conda.anaconda.org/conda-forge/linux-64/libstdcxx-devel_linux-64-9.5.0-h0a57e50_19.tar.bz2
      - conda: https://conda.anaconda.org/conda-forge/linux-64/libstdcxx-ng-16.2.0-hdf11a46_6.conda
      - conda: https://conda.anaconda.org/conda-forge/linux-64/libzlib-1.3.2-h25fd6f3_3.conda
      - conda: https://conda.anaconda.org/conda-forge/linux-64/make-4.4.1-hb03c661_3.conda
      - conda: https://conda.anaconda.org/conda-forge/linux-64/patchelf-0.19.1-hee9eb32_1.conda
      - conda: https://conda.anaconda.org/conda-forge/linux-64/pkg-config-0.29.2-h1114479_1013.conda
      - conda: https://conda.anaconda.org/conda-forge/linux-64/zstd-1.5.7-hb78ec9c_6.conda
      - conda: https://conda.anaconda.org/conda-forge/noarch/kernel-headers_linux-64-4.18.0-he073ed8_9.conda
      - conda: https://conda.anaconda.org/conda-forge/noarch/sysroot_linux-64-2.28-h4ee821c_9.conda
      - conda: https://conda.anaconda.org/conda-forge/noarch/tzdata-2025c-hc9c84f9_1.conda
      - conda_source: nlopt-static[07ea0ac2] @ ./dependencies/nlopt
      - conda_source: nlopt[11751e70] @ dependencies/nlopt
      - conda_source: x264-static[861eac7a] @ ./dependencies/x264
      - conda_source: x264[ca2b0919] @ dependencies/x264
packages:
- conda: https://conda.anaconda.org/conda-forge/linux-64/_libgcc_mutex-0.1-conda_forge.tar.bz2
  sha256: fe51de6107f9edc7aa4f786a70f4a883943bc9d39b3bb7307c04c41410990726
  md5: d7c89558ba9fa0495403155b64376d81
  license: None
  size: 2562
  timestamp: 1578324546067
- conda: https://conda.anaconda.org/conda-forge/linux-64/_openmp_mutex-4.5-20_gnu.conda
  build_number: 20
  sha256: 1dd3fffd892081df9726d7eb7e0dea6198962ba775bd88842135a4ddb4deb3c9
  md5: a9f577daf3de00bca7c3c76c0ecbd1de
  depends:
  - __glibc >=2.17,<3.0.a0
  - libgomp >=7.5.0
  constrains:
  - openmp_impl <0.0a0
  license: BSD-3-Clause
  license_family: BSD
  run_exports:
    strong:
    - _openmp_mutex >=4.5
  size: 28948
  timestamp: 1770939786096
- conda: https://conda.anaconda.org/conda-forge/linux-64/_openmp_mutex-4.5-2_gnu.tar.bz2
  build_number: 16
  sha256: fbe2c5e56a653bebb982eda4876a9178aedfc2b545f25d0ce9c4c0b508253d22
  md5: 73aaf86a425cc6e73fcf236a5a46396d
  depends:
  - _libgcc_mutex 0.1 conda_forge
  - libgomp >=7.5.0
  constrains:
  - openmp_impl 9999
  license: BSD-3-Clause
  license_family: BSD
  size: 23621
  timestamp: 1650670423406
- conda: https://conda.anaconda.org/conda-forge/linux-64/binutils_impl_linux-64-2.39-he00db2b_1.conda
  sha256: 69a7c32141475dab43de2f19b7a67c14596cbb357cdb5891ff866918f8f65a2e
  md5: 3d726e8b51a1f5bfd66892a2b7d9db2d
  depends:
  - ld_impl_linux-64 2.39 hcc3a1bd_1
  - sysroot_linux-64
  license: GPL-3.0-only
  license_family: GPL
  run_exports: {}
  size: 4924095
  timestamp: 1668978328669
- conda: https://conda.anaconda.org/conda-forge/linux-64/binutils_impl_linux-64-2.46.1-default_hfdba357_102.conda
  sha256: fb7bf36984a37ce7e4714d1d1da0bd0e3bfc679520f5cdc184afc676fd4b5da2
  md5: a0c5e0b7f58c8ceeb08e5bc41251d5a2
  depends:
  - ld_impl_linux-64 2.46.1 default_hbd61a6d_102
  - sysroot_linux-64
  - zstd >=1.5.7,<1.6.0a0
  license: GPL-3.0-only
  license_family: GPL
  run_exports: {}
  size: 3713752
  timestamp: 1784214522814
- conda: https://conda.anaconda.org/conda-forge/linux-64/binutils_linux-64-2.39-h5fc0e48_13.conda
  sha256: 9ccdc61d461dc174f6d5af33064bf58ebcbccb7cf3d62eee0e584c7e4764e828
  md5: 7f25a524665e4e2f8a5f86522f8d0e31
  depends:
  - binutils_impl_linux-64 2.39.*
  - sysroot_linux-64
  license: BSD-3-Clause
  license_family: BSD
  run_exports: {}
  size: 27840
  timestamp: 1682617369250
- conda: https://conda.anaconda.org/conda-forge/linux-64/binutils_linux-64-2.46.1-default_h4852527_102.conda
  sha256: 08d7238663fc408ba2ab60b02fa3d06a7ca9d872962e03e90c7e0fdecb7ed1d0
  md5: 32fd07abe84eb14f17c7f5cc6fa8df82
  depends:
  - binutils_impl_linux-64 2.46.1 default_hfdba357_102
  license: GPL-3.0-only
  license_family: GPL
  run_exports: {}
  size: 36337
  timestamp: 1784214551894
- conda: https://conda.anaconda.org/conda-forge/linux-64/bzip2-1.0.8-hda65f42_10.conda
  sha256: 1a0d382c515ebf55f8ee1f38c8b81bc95af5c2acc42ad53b66bc5df932032f96
  md5: e675fabcf81499adc7edf58124fb1e01
  depends:
  - __glibc >=2.17,<3.0.a0
  - libgcc >=14
  license: bzip2-1.0.6
  license_family: BSD
  run_exports:
    weak:
    - bzip2 >=1.0.8,<2.0a0
  size: 257808
  timestamp: 1785906269155
- conda: https://conda.anaconda.org/conda-forge/linux-64/c-ares-1.34.8-hebe6cf0_2.conda
  sha256: 9c37cc233238adf366ea75b0e845662a5be07ceadf62e458183516369340274b
  md5: 3ad2b403be8fc5612b9159e2ce621f69
  depends:
  - libgcc >=15
  - __glibc >=2.17,<3.0.a0
  license: MIT
  license_family: MIT
  run_exports:
    weak:
    - c-ares >=1.34.8,<2.0a0
  size: 228700
  timestamp: 1787169971173
- conda: https://conda.anaconda.org/conda-forge/linux-64/cmake-4.4.3-hff7ac6b_0.conda
  sha256: a6d21b5166cd7a44fa975e541f1abf851579a8ac3458e72e77125761da06c842
  md5: e9d08c8f9a02853bfc6f8c3a4b0b19a4
  depends:
  - libgcc >=15
  - __glibc >=2.17,<3.0.a0
  - libstdcxx >=15
  - ncurses >=6.6,<7.0a0
  - bzip2 >=1.0.8,<2.0a0
  - libexpat >=2.8.1,<3.0a0
  - liblzma >=5.8.3,<6.0a0
  - libcurl >=8.21.0,<9.0a0
  - rhash >=1.4.6,<2.0a0
  - libuv >=1.52.1,<2.0a0
  - libzlib >=1.3.2,<2.0a0
  - zstd >=1.5.7,<1.6.0a0
  license: BSD-3-Clause
  license_family: BSD
  run_exports: {}
  size: 26077721
  timestamp: 1787711119591
- conda: https://conda.anaconda.org/conda-forge/linux-64/gcc-9.5.0-h1fea6ba_13.conda
  sha256: ea928731cd4b06721e45694f03ba85b27fe8d10acebc232c1042a5c70fe944cf
  md5: b54e61c6c81618bcb9a512d5b058a7c1
  depends:
  - gcc_impl_linux-64 9.5.0.*
  license: BSD-3-Clause
  license_family: BSD
  run_exports: {}
  size: 26878
  timestamp: 1682617420758
- conda: https://conda.anaconda.org/conda-forge/linux-64/gcc_impl_linux-64-16.2.0-hc7abebd_6.conda
  sha256: 9ca2b8f82cf7d46ccb14871884e0d71e451fc5f8eb41632951be1224299587a8
  md5: d389c1269faccbb06685306beea00d3a
  depends:
  - binutils_impl_linux-64 >=2.46.1
  - libgcc >=16.2.0
  - libgcc-devel_linux-64 16.2.0 he3ce08f_106
  - libgomp >=16.2.0
  - libsanitizer 16.2.0 h3048135_6
  - libstdcxx >=16.2.0
  - libstdcxx-devel_linux-64 16.2.0 h86e191b_106
  - sysroot_linux-64
  license: GPL-3.0-only WITH GCC-exception-3.1
  run_exports: {}
  size: 86145217
  timestamp: 1790272540062
- conda: https://conda.anaconda.org/conda-forge/linux-64/gcc_impl_linux-64-9.5.0-h99780fb_19.tar.bz2
  sha256: 2d4caeb0a0515edadc1f44fa8dc4018021057c341f7d6205b30cebff749130e2
  md5: da185e537a469401ff741c5028b9320c
  depends:
  - binutils_impl_linux-64 >=2.39
  - libgcc-devel_linux-64 9.5.0 h0a57e50_19
  - libgcc-ng >=9.5.0
  - libgomp >=9.5.0
  - libsanitizer 9.5.0 h2f262e1_19
  - libstdcxx-ng >=9.5.0
  - sysroot_linux-64
  license: GPL-3.0-only WITH GCC-exception-3.1
  license_family: GPL
  run_exports: {}
  size: 45580203
  timestamp: 1666518540362
- conda: https://conda.anaconda.org/conda-forge/linux-64/gcc_linux-64-16.2.0-h0ab548f_2.conda
  sha256: b9817e310019a9c8b79e46335c87e478c7646d2fcc727cc53bb5a3e8ce276c1d
  md5: 3928593d74a0b17f84fba5977cb7023d
  depends:
  - gcc_impl_linux-64 16.2.0.*
  - binutils_linux-64
  - sysroot_linux-64
  license: BSD-3-Clause
  license_family: BSD
  run_exports:
    strong:
    - libgcc >=16
  size: 30371
  timestamp: 1789573357529
- conda: https://conda.anaconda.org/conda-forge/linux-64/gcc_linux-64-9.5.0-h4258300_13.conda
  sha256: eb1710d1a7fed81e09687443eeaf1f66f67c75a7d84275e49aebe865d26df336
  md5: 942a9833d5a5930ca7b3722dbc4ca9c0
  depends:
  - binutils_linux-64 2.39 h5fc0e48_13
  - gcc_impl_linux-64 9.5.0.*
  - sysroot_linux-64
  license: BSD-3-Clause
  license_family: BSD
  run_exports:
    strong:
    - libgcc-ng >=12
  size: 30083
  timestamp: 1682617658577
- conda: https://conda.anaconda.org/conda-forge/linux-64/gxx-9.5.0-h1fea6ba_13.conda
  sha256: e58adca6d6b0c7dcfb95255af068271d99c03d74ed039c01bb952aa15512bce3
  md5: c5f4f07efe4bd9ffca4f05902c9f8d6a
  depends:
  - gcc 9.5.0.*
  - gxx_impl_linux-64 9.5.0.*
  license: BSD-3-Clause
  license_family: BSD
  run_exports: {}
  size: 26303
  timestamp: 1682617678041
- conda: https://conda.anaconda.org/conda-forge/linux-64/gxx_impl_linux-64-9.5.0-h99780fb_19.tar.bz2
  sha256: 862c2b2bd41eeadf0816fc132bcaf59227812f83238471021e4ccbb020585261
  md5: 2715a43223661e9cee63bc977e42e55e
  depends:
  - gcc_impl_linux-64 9.5.0 h99780fb_19
  - libstdcxx-devel_linux-64 9.5.0 h0a57e50_19
  - sysroot_linux-64
  license: GPL-3.0-only WITH GCC-exception-3.1
  license_family: GPL
  run_exports: {}
  size: 11115641
  timestamp: 1666518698615
- conda: https://conda.anaconda.org/conda-forge/linux-64/gxx_linux-64-9.5.0-h43f449f_13.conda
  sha256: fd66c89912a8039ef2d8fb7c550f4ed2db86209b77558c73b0dd6715e835584c
  md5: 2acc0f10529a57cb166ce6bfd61bab10
  depends:
  - binutils_linux-64 2.39 h5fc0e48_13
  - gcc_linux-64 9.5.0 h4258300_13
  - gxx_impl_linux-64 9.5.0.*
  - sysroot_linux-64
  license: BSD-3-Clause
  license_family: BSD
  run_exports:
    strong:
    - libstdcxx-ng >=12
    - libgcc-ng >=12
  size: 28402
  timestamp: 1682617696817
- conda: https://conda.anaconda.org/conda-forge/linux-64/icu-78.3-py310h44b86e0_2.conda
  sha256: 9f07834f0c546ab14d885ce0366285f61f44e326c0edd1fc63b8294e113ae432
  md5: 72a381cbad04f24b1c2a43ef707f45b4
  depends:
  - __glibc >=2.17,<3.0.a0
  - libstdcxx >=14
  - libgcc >=14
  license: MIT
  license_family: MIT
  run_exports:
    weak:
    - icu >=78.3,<79.0a0
  size: 14459115
  timestamp: 1786545741408
- conda: https://conda.anaconda.org/conda-forge/linux-64/keyutils-1.6.3-h7cc23a3_1.conda
  sha256: dd053c96dcb0dcfd59422aefea9d2fe937a190167f34fba7893ec1e10a7e8963
  md5: ba55d1b89fd7775e67de8291029b4059
  depends:
  - __glibc >=2.17,<3.0.a0
  - libgcc >=15
  license: LGPL-2.1-or-later
  run_exports:
    weak:
    - keyutils >=1.6.3,<2.0a0
  size: 135295
  timestamp: 1786739238128
- conda: https://conda.anaconda.org/conda-forge/linux-64/krb5-1.22.2-hbc21106_2.conda
  sha256: 2a5c38c85e63df84c4e69ee71439841ce570d259ae3060627bb9a49a938d66f4
  md5: 53318d715316929a574f83591308b1f8
  depends:
  - __glibc >=2.17,<3.0.a0
  - keyutils >=1.6.3,<2.0a0
  - libedit >=3.1.20250104,<3.2.0a0
  - libedit >=3.1.20250104,<4.0a0
  - libgcc >=15
  - libstdcxx >=15
  - openssl >=3.5.7,<4.0a0
  license: MIT
  license_family: MIT
  run_exports:
    weak:
    - krb5 >=1.22.2,<1.23.0a0
  size: 1394333
  timestamp: 1786762112514
- conda: https://conda.anaconda.org/conda-forge/linux-64/ld_impl_linux-64-2.39-hcc3a1bd_1.conda
  sha256: 3e7f203e33ea497b6e468279cc5fdef7d556473c25e7466b35fd672940392469
  md5: 737be0d34c22d24432049ab7a3214de4
  constrains:
  - binutils_impl_linux-64 2.39
  license: GPL-3.0-only
  license_family: GPL
  run_exports: {}
  size: 691423
  timestamp: 1668978314604
- conda: https://conda.anaconda.org/conda-forge/linux-64/ld_impl_linux-64-2.46.1-default_hbd61a6d_102.conda
  sha256: 27d83f1188cd19bcb7754a078b3fa7f4cfb8527f8eb2fde54dd01fc529d1adec
  md5: 449500f2c089da11c40f5c21312e3e07
  depends:
  - __glibc >=2.17,<3.0.a0
  - zstd >=1.5.7,<1.6.0a0
  constrains:
  - binutils_impl_linux-64 2.46.1
  license: GPL-3.0-only
  license_family: GPL
  run_exports: {}
  size: 745303
  timestamp: 1784214507189
- conda: https://conda.anaconda.org/conda-forge/linux-64/libcurl-8.22.0-ha042cf0_0.conda
  sha256: 483b7eb97f56fbb3a9cb7190d33012dfa0a5aaed99ede61465563cd97dd82504
  md5: e617deee7af8eb0c04f6296d12b54157
  depends:
  - __glibc >=2.17,<3.0.a0
  - krb5 >=1.22.2,<1.23.0a0
  - libgcc >=15
  - libnghttp2 >=1.68.1,<2.0a0
  - libpsl >=0.23.1,<0.24.0a0
  - libssh2 >=1.11.1,<2.0a0
  - libzlib >=1.3.2,<2.0a0
  - openssl >=3.5.8,<4.0a0
  - zstd >=1.5.7,<1.6.0a0
  license: curl
  license_family: MIT
  run_exports:
    weak:
    - libcurl >=8.22.0,<9.0a0
  size: 499651
  timestamp: 1788340719230
- conda: https://conda.anaconda.org/conda-forge/linux-64/libedit-3.1.20250104-pl5321h373387f_1.conda
  sha256: 6473eb8caf2aae830f37caa93db9b26dddf7ac84b63229e8bf7fc0e5c3ab95b0
  md5: 50708d3b951d0f8e2d7f2df5b5edc040
  depends:
  - ncurses
  - libgcc >=14
  - __glibc >=2.17,<3.0.a0
  - ncurses >=6.6,<7.0a0
  license: BSD-2-Clause
  license_family: BSD
  run_exports:
    weak:
    - libedit >=3.1.20250104,<3.2.0a0
  size: 135098
  timestamp: 1786616658086
- conda: https://conda.anaconda.org/conda-forge/linux-64/libev-4.33-h280c20c_3.conda
  sha256: e4418f68d01a6307c4431b585c71b584f40189877364e542ee87deb777f5e85b
  md5: 7bc31538d6e3fb349e897353969237ec
  depends:
  - libgcc >=14
  - __glibc >=2.17,<3.0.a0
  license: BSD-2-Clause OR GPL-2.0-or-later
  license_family: GPL
  run_exports:
    weak:
    - libev >=4.33,<4.34.0a0
  size: 43220
  timestamp: 1785917328200
- conda: https://conda.anaconda.org/conda-forge/linux-64/libexpat-2.8.4-hd2095e1_0.conda
  sha256: 2f5e90b621f7bf64c35d5c972bd85a645555d82404130569149a129dcbc8b8dd
  md5: a77b44d6cbaad97f3ad050ab35fad55a
  depends:
  - __glibc >=2.17,<3.0.a0
  - libgcc >=15
  constrains:
  - expat 2.8.4.*
  license: MIT
  license_family: MIT
  run_exports: {}
  size: 77595
  timestamp: 1790073019208
- conda: https://conda.anaconda.org/conda-forge/linux-64/libgcc-16.2.0-ha9f2e26_6.conda
  sha256: 76ab0367ab900e169cd5a981c51ad35c97800795fb9fb89d370d05159c21bd49
  md5: 93be17b7bcbaeb2d6c1a0ab8f845be29
  depends:
  - __glibc >=2.17,<3.0.a0
  - _openmp_mutex >=4.5
  constrains:
  - libgcc-ng ==16.2.0=*_6
  - libgomp 16.2.0 he0feb66_6
  license: GPL-3.0-only WITH GCC-exception-3.1
  run_exports: {}
  size: 1057166
  timestamp: 1790272451223
- conda: https://conda.anaconda.org/conda-forge/linux-64/libgcc-devel_linux-64-9.5.0-h0a57e50_19.tar.bz2
  sha256: 7466ea3e709d14a104fab9c50559fe547368f5a91883e32e76ecadcf8973fa9d
  md5: ab924f432810933b22bac6803733574d
  license: GPL-3.0-only WITH GCC-exception-3.1
  license_family: GPL
  run_exports: {}
  size: 4194866
  timestamp: 1666518354290
- conda: https://conda.anaconda.org/conda-forge/linux-64/libgcc-ng-16.2.0-h69a702a_6.conda
  sha256: e97fc7ccc6bcc822d6ee5d87a02b00e2fe4459fa4be08c0480836e02d97eed20
  md5: d3ea2d14e5740281891f104e1e269854
  depends:
  - libgcc 16.2.0 ha9f2e26_6
  license: GPL-3.0-only WITH GCC-exception-3.1
  run_exports:
    strong:
    - libgcc
  size: 28492
  timestamp: 1790272456237
- conda: https://conda.anaconda.org/conda-forge/linux-64/libgomp-16.2.0-he0feb66_6.conda
  sha256: 16bad99a5bbd87176ca243938bbf0078bab52a583e18a070d244484422137d01
  md5: 266eca65f6becf3a46fa238ed82eada5
  depends:
  - __glibc >=2.17,<3.0.a0
  license: GPL-3.0-only WITH GCC-exception-3.1
  run_exports:
    strong:
    - _openmp_mutex >=4.5
  size: 640099
  timestamp: 1790272381224
- conda: https://conda.anaconda.org/conda-forge/linux-64/liblzma-5.8.3-hb03c661_1.conda
  sha256: 9787df8c22a59c9a70d3e5a10db9ad663485e75e9ccc3f09bd092cb7b95e0dab
  md5: 1390b7c5ac0b1d8e447bc5efa6d3c8c2
  depends:
  - __glibc >=2.17,<3.0.a0
  - libgcc >=14
  constrains:
  - xz 5.8.3.*
  license: 0BSD
  run_exports:
    weak:
    - liblzma >=5.8.3,<6.0a0
  size: 112995
  timestamp: 1786348617826
- conda: https://conda.anaconda.org/conda-forge/linux-64/libnghttp2-1.68.1-h74cf4be_1.conda
  sha256: 11a2f54a6f391e25738bce0023e6ef499600147bbcf21c1fa69d2e251b03cc6a
  md5: 75d211f04ac87506f1f43420712a69fe
  depends:
  - __glibc >=2.17,<3.0.a0
  - c-ares >=1.34.8,<2.0a0
  - libev >=4.33,<4.34.0a0
  - libev >=4.33,<5.0a0
  - libgcc >=15
  - libstdcxx >=15
  - libzlib >=1.3.2,<2.0a0
  - openssl >=3.5.7,<4.0a0
  license: MIT
  license_family: MIT
  run_exports:
    weak:
    - libnghttp2 >=1.68.1,<2.0a0
  size: 649974
  timestamp: 1787177490105
- conda: https://conda.anaconda.org/conda-forge/linux-64/libpsl-0.23.1-hd9e3e90_1.conda
  sha256: 09e8effdc89bc5d021349318d32b85594f5b8d8e3ab8f90a85b81f8fe695a566
  md5: 77be60417aa572afcb48cbe0f967401d
  depends:
  - libstdcxx >=15
  - libgcc >=15
  - __glibc >=2.17,<3.0.a0
  - icu >=78.3,<79.0a0
  license: MIT
  license_family: MIT
  run_exports:
    weak:
    - libpsl >=0.23.1,<0.24.0a0
  size: 72519
  timestamp: 1786970753847
- conda: https://conda.anaconda.org/conda-forge/linux-64/libsanitizer-16.2.0-h3048135_6.conda
  sha256: 06b26aabf372b34e7f53f413f7e536d388a2265ff107c1b78106b290eda3b3af
  md5: 68ee22d994f806c7f35648b012eae356
  depends:
  - __glibc >=2.17,<3.0.a0
  - libgcc >=16.2.0
  - libstdcxx >=16.2.0
  license: GPL-3.0-only WITH GCC-exception-3.1
  run_exports:
    weak:
    - libsanitizer 16.2.0
  size: 8173037
  timestamp: 1790272492378
- conda: https://conda.anaconda.org/conda-forge/linux-64/libsanitizer-9.5.0-h2f262e1_19.tar.bz2
  sha256: fa184f936c0bbada2f62921ffccefb41e34339df510fe4ddf655d311859cb2f9
  md5: ec1a30921d0fac7d7b0a89686fa507ef
  depends:
  - libgcc-ng >=9.5.0
  license: GPL-3.0-only WITH GCC-exception-3.1
  license_family: GPL
  run_exports:
    weak:
    - libsanitizer 9.5.0
  size: 7260367
  timestamp: 1666518462770
- conda: https://conda.anaconda.org/conda-forge/linux-64/libssh2-1.11.1-h6154650_1.conda
  sha256: 7e463000fa1cba3f3a6597b776f6ab301d425a96e3bc20d0d9d76a3b9f237aa3
  md5: 5c526561e1d2a2e071941174eae84557
  depends:
  - __glibc >=2.17,<3.0.a0
  - libgcc >=14
  - libzlib >=1.3.2,<2.0a0
  - openssl >=3.5.7,<4.0a0
  license: BSD-3-Clause
  license_family: BSD
  run_exports:
    weak:
    - libssh2 >=1.11.1,<2.0a0
  size: 306045
  timestamp: 1786713107897
- conda: https://conda.anaconda.org/conda-forge/linux-64/libstdcxx-16.2.0-h934c35e_6.conda
  sha256: 5a6921d8738f2d9d404daba43dfa478ec6c077d8ede223a6c4fc098137ffe9b7
  md5: 93375d892bd8e996e584c929c1223445
  depends:
  - __glibc >=2.17,<3.0.a0
  - libgcc 16.2.0 ha9f2e26_6
  constrains:
  - libstdcxx-ng ==16.2.0=*_6
  license: GPL-3.0-only WITH GCC-exception-3.1
  run_exports: {}
  size: 6617124
  timestamp: 1790272475900
- conda: https://conda.anaconda.org/conda-forge/linux-64/libstdcxx-devel_linux-64-9.5.0-h0a57e50_19.tar.bz2
  sha256: a2a46472d0b6329fe96dd9ed9b150852384ab227ca44f5297b1882c8f9b78333
  md5: 110182af718f862c43ac3be597a02c8a
  license: GPL-3.0-only WITH GCC-exception-3.1
  license_family: GPL
  run_exports: {}
  size: 10352922
  timestamp: 1666518405920
- conda: https://conda.anaconda.org/conda-forge/linux-64/libstdcxx-ng-16.2.0-hdf11a46_6.conda
  sha256: 45104433c56132739e9b48ded2ed2ecf98ca34a65a153f2ed296786741492446
  md5: 32765fce0a013a6614dc1ac624ec81e6
  depends:
  - libstdcxx 16.2.0 h934c35e_6
  license: GPL-3.0-only WITH GCC-exception-3.1
  run_exports:
    strong:
    - libstdcxx
  size: 28567
  timestamp: 1790272509992
- conda: https://conda.anaconda.org/conda-forge/linux-64/libuv-1.52.1-h280c20c_1.conda
  sha256: 67761d0206f84140047a367eaf9befe03a7e157a29ee25aee0047b40801cc6b6
  md5: 01c4ed87826af55996768af6dbc936b4
  depends:
  - libgcc >=14
  - __glibc >=2.17,<3.0.a0
  license: MIT
  license_family: MIT
  run_exports:
    weak:
    - libuv >=1.52.1,<2.0a0
  size: 420040
  timestamp: 1785914567661
- conda: https://conda.anaconda.org/conda-forge/linux-64/libxcrypt-4.4.38-h280c20c_0.conda
  sha256: f7e9292dd219a6435bbb1223da9586c3e70d66d169c5a92f08db3f2127df04e9
  md5: f7a7ff5a6ab331e037abd34f379a631d
  depends:
  - libgcc >=14
  - __glibc >=2.17,<3.0.a0
  license: LGPL-2.1-or-later
  run_exports:
    weak:
    - libxcrypt >=4.4.38
  size: 101957
  timestamp: 1785887123445
- conda: https://conda.anaconda.org/conda-forge/linux-64/libzlib-1.3.2-h25fd6f3_3.conda
  sha256: eb8a0db0aa570124f7d2a93d7c7f596e3390df5e047818d873baad32985fc736
  md5: 0de0122d9570a8ab637c6b73db268389
  depends:
  - __glibc >=2.17,<3.0.a0
  constrains:
  - zlib 1.3.2 *_3
  license: Zlib
  license_family: Other
  run_exports:
    weak:
    - libzlib >=1.3.2,<2.0a0
  size: 63713
  timestamp: 1785362952714
- conda: https://conda.anaconda.org/conda-forge/linux-64/make-4.4.1-hb03c661_3.conda
  sha256: 4c65d2769847778a6d84db6984ac81bcec6f8958d349f1fe57ae040ccc56a801
  md5: b4a198dc40024de2a59c1343e4ae4144
  depends:
  - __glibc >=2.17,<3.0.a0
  - libgcc >=14
  license: GPL-3.0-or-later
  license_family: GPL
  run_exports: {}
  size: 510695
  timestamp: 1785879853297
- conda: https://conda.anaconda.org/conda-forge/linux-64/nasm-2.16.03-h4bc722e_1.conda
  sha256: d01bfa655ad08d33dc5830a5166c7b664143df24fab59d41df15f076c58000b6
  md5: 35f8ab79609d5bc56d6d040f12dacf3a
  depends:
  - __glibc >=2.17,<3.0.a0
  - libgcc-ng >=12
  license: BSD-2-Clause
  license_family: BSD
  run_exports: {}
  size: 1221519
  timestamp: 1721652638250
- conda: https://conda.anaconda.org/conda-forge/linux-64/ncurses-6.6-hdb14827_1.conda
  sha256: 5d46557214ed184381dafe835b7c94a474a1c3b307a08a250b1ea4779b44ffb3
  md5: ee6c0cd80a60961a1f48aa3e0b91f986
  depends:
  - __glibc >=2.17,<3.0.a0
  - libgcc >=14
  license: X11 AND BSD-3-Clause
  run_exports:
    weak:
    - ncurses >=6.6,<7.0a0
  size: 911196
  timestamp: 1786355078102
- conda: https://conda.anaconda.org/conda-forge/linux-64/openssl-3.6.4-h781a0a9_0.conda
  sha256: 4747b2d6a8336f52343bceb8a1ebf41a9e6e665b9d2e3f989972de53a310599e
  md5: 16e3034a330cc625f2c685edec60cf4e
  depends:
  - __glibc >=2.17,<3.0.a0
  - ca-certificates
  - libgcc >=15
  license: Apache-2.0
  license_family: Apache
  run_exports:
    weak:
    - openssl >=3.6.4,<4.0a0
  size: 3202955
  timestamp: 1787698780103
- conda: https://conda.anaconda.org/conda-forge/linux-64/patchelf-0.19.1-hee9eb32_1.conda
  sha256: f138da28cd92824eb58ca11b3f9d5d6d32e1cbd31d7f5589ccda1a7398522b6b
  md5: 21ce762527ea167059a17516773a8cc4
  depends:
  - __glibc >=2.17,<3.0.a0
  - libstdcxx >=15
  - libgcc >=15
  license: GPL-3.0-or-later
  license_family: GPL
  run_exports: {}
  size: 152278
  timestamp: 1787380796884
- conda: https://conda.anaconda.org/conda-forge/linux-64/perl-5.44.0-0_h7cc23a3_perl5.conda
  build_number: 0
  sha256: 37b594b2bfc5691757ecd657ccc7d921ff30f2931600a5515f73da023981859b
  md5: 94e2dc76c67d3c9407f849dc7adb9360
  depends:
  - __glibc >=2.17,<3.0.a0
  - libgcc >=15
  - libxcrypt >=4.4.38
  license: GPL-1.0-or-later OR Artistic-1.0-Perl
  run_exports:
    weak:
    - perl >=5.44.0,<5.45.0a0
    noarch:
    - perl >=5.44.0,<6.0a0
  size: 11516819
  timestamp: 1790272817683
- conda: https://conda.anaconda.org/conda-forge/linux-64/pkg-config-0.29.2-h1114479_1013.conda
  sha256: 8f27ee1b6166c5be505dba4b0dd0f3b3b81ddec811f6118cc337b90cbd3937a4
  md5: 0aab2923309084c5f89ef32cd39a19b2
  depends:
  - libgcc >=15
  - __glibc >=2.17,<3.0.a0
  license: GPL-2.0-or-later
  license_family: GPL
  run_exports: {}
  size: 141376
  timestamp: 1788677377648
- conda: https://conda.anaconda.org/conda-forge/linux-64/rhash-1.4.6-hb03c661_2.conda
  sha256: 186a5b225077ad5f4656966da947d43307101950751ef4a239b455588756b4e1
  md5: 007602d697e07c11ff9864964eba5ee3
  depends:
  - __glibc >=2.17,<3.0.a0
  - libgcc >=14
  license: MIT
  license_family: MIT
  run_exports:
    weak:
    - rhash >=1.4.6,<2.0a0
  size: 194994
  timestamp: 1786731436520
- conda: https://conda.anaconda.org/conda-forge/linux-64/zstd-1.5.7-hb78ec9c_6.conda
  sha256: 68f0206ca6e98fea941e5717cec780ed2873ffabc0e1ed34428c061e2c6268c7
  md5: 4a13eeac0b5c8e5b8ab496e6c4ddd829
  depends:
  - __glibc >=2.17,<3.0.a0
  - libzlib >=1.3.1,<2.0a0
  license: BSD-3-Clause
  license_family: BSD
  size: 601375
  timestamp: 1764777111296
- conda: https://conda.anaconda.org/conda-forge/linux-64/zstd-1.5.7-hb78ec9c_7.conda
  sha256: 47d682b9f6d6ec9eb1a6e6c3e75ea6273e899e78fb7fc59f81d39745009fbc60
  md5: aa459086047c0e5e27023ab19f8cb86a
  depends:
  - __glibc >=2.17,<3.0.a0
  - libzlib >=1.3.2,<2.0a0
  license: BSD-3-Clause
  license_family: BSD
  run_exports:
    weak:
    - zstd >=1.5.7,<1.6.0a0
  size: 601301
  timestamp: 1786599621503
- conda: https://conda.anaconda.org/conda-forge/noarch/ca-certificates-2026.7.22-hbd8a1cb_0.conda
  sha256: 0a0544cf95f64394fe4959286f5c71f5444ad58feb0602e53becb27448d24da6
  md5: 0f51e2391ade309db462a55611263e9c
  depends:
  - __unix
  license: ISC
  run_exports: {}
  size: 131780
  timestamp: 1784754889428
- conda: https://conda.anaconda.org/conda-forge/noarch/gnuconfig-2025.07.09-hd8ed1ab_0.conda
  sha256: 3159b709e022a3778a4e68e83ad833dfc742ebe7a9e4d828533542f23eff1ae0
  md5: be67c14cef3b4dcc9c4e09767f335faa
  license: GPL-3.0-or-later WITH Autoconf-exception-2.0
  license_family: GPL
  run_exports: {}
  size: 31190
  timestamp: 1760639147369
- conda: https://conda.anaconda.org/conda-forge/noarch/kernel-headers_linux-64-4.18.0-he073ed8_9.conda
  sha256: 41557eeadf641de6aeae49486cef30d02a6912d8da98585d687894afd65b356a
  md5: 86d9cba083cd041bfbf242a01a7a1999
  constrains:
  - sysroot_linux-64 ==2.28
  license: LGPL-2.0-or-later AND LGPL-2.0-or-later WITH exceptions AND GPL-2.0-or-later
  license_family: GPL
  run_exports: {}
  size: 1278712
  timestamp: 1765578681495
- conda: https://conda.anaconda.org/conda-forge/noarch/libgcc-devel_linux-64-16.2.0-he3ce08f_106.conda
  sha256: 24cbfd56488ae8e0609f770395b25fbb56c95f3cd96f3d398b453a971183e953
  md5: 0ad29c0623c61ad080719a3309f2c9f2
  depends:
  - __unix
  license: GPL-3.0-only WITH GCC-exception-3.1
  run_exports: {}
  size: 3102430
  timestamp: 1790272310928
- conda: https://conda.anaconda.org/conda-forge/noarch/libstdcxx-devel_linux-64-16.2.0-h86e191b_106.conda
  sha256: f0b34b695af0561df9b277916c24d85751b227246962634121e0201e4d5e1498
  md5: b2d37be0606c607483011d693d1915da
  depends:
  - __unix
  license: GPL-3.0-only WITH GCC-exception-3.1
  run_exports: {}
  size: 23297651
  timestamp: 1790272393802
- conda: https://conda.anaconda.org/conda-forge/noarch/sysroot_linux-64-2.28-h4ee821c_9.conda
  sha256: c47299fe37aebb0fcf674b3be588e67e4afb86225be4b0d452c7eb75c086b851
  md5: 13dc3adbc692664cd3beabd216434749
  depends:
  - __glibc >=2.28
  - kernel-headers_linux-64 4.18.0 he073ed8_9
  - tzdata
  license: LGPL-2.0-or-later AND LGPL-2.0-or-later WITH exceptions AND GPL-2.0-or-later
  license_family: GPL
  run_exports:
    strong:
    - __glibc >=2.28,<3.0.a0
  size: 24008591
  timestamp: 1765578833462
- conda: https://conda.anaconda.org/conda-forge/noarch/tzdata-2025c-hc9c84f9_1.conda
  sha256: 1d30098909076af33a35017eed6f2953af1c769e273a0626a04722ac4acaba3c
  md5: ad659d0a2b3e47e38d829aa8cad2d610
  license: LicenseRef-Public-Domain
  size: 119135
  timestamp: 1767016325805
- conda: https://conda.anaconda.org/conda-forge/noarch/tzdata-2026c-h151e31d_0.conda
  sha256: b928c30ddcb0e3f544c6eade8352737e6e610e263276b90232db6a578ef899d8
  md5: fcb489df604d100968b737f2cb6076c6
  license: LicenseRef-Public-Domain
  run_exports: {}
  size: 118849
  timestamp: 1784250406640
- conda_source: nlopt-static[07ea0ac2] @ ./dependencies/nlopt
  variants:
    c_compiler_version: 9.5.0
    cxx_compiler_version: 9.5.0
    nlopt: 2.11.0 h5c3e8a3_0
    target_platform: linux-64
  depends:
  - nlopt ==2.11.0 h5c3e8a3_0
  - libgcc-ng >=12
  - libgcc-ng >=12
  - libstdcxx-ng >=12
  license: LGPL-2.1-or-later
  source_depends:
    nlopt:
      path: .
  build_packages:
  - conda: https://conda.anaconda.org/conda-forge/linux-64/_openmp_mutex-4.5-20_gnu.conda
  - conda: https://conda.anaconda.org/conda-forge/linux-64/binutils_impl_linux-64-2.39-he00db2b_1.conda
  - conda: https://conda.anaconda.org/conda-forge/linux-64/binutils_linux-64-2.39-h5fc0e48_13.conda
  - conda: https://conda.anaconda.org/conda-forge/linux-64/bzip2-1.0.8-hda65f42_10.conda
  - conda: https://conda.anaconda.org/conda-forge/linux-64/c-ares-1.34.8-hebe6cf0_2.conda
  - conda: https://conda.anaconda.org/conda-forge/linux-64/cmake-4.4.3-hff7ac6b_0.conda
  - conda: https://conda.anaconda.org/conda-forge/linux-64/gcc_impl_linux-64-9.5.0-h99780fb_19.tar.bz2
  - conda: https://conda.anaconda.org/conda-forge/linux-64/gcc_linux-64-9.5.0-h4258300_13.conda
  - conda: https://conda.anaconda.org/conda-forge/linux-64/gxx_impl_linux-64-9.5.0-h99780fb_19.tar.bz2
  - conda: https://conda.anaconda.org/conda-forge/linux-64/gxx_linux-64-9.5.0-h43f449f_13.conda
  - conda: https://conda.anaconda.org/conda-forge/linux-64/icu-78.3-py310h44b86e0_2.conda
  - conda: https://conda.anaconda.org/conda-forge/linux-64/keyutils-1.6.3-h7cc23a3_1.conda
  - conda: https://conda.anaconda.org/conda-forge/linux-64/krb5-1.22.2-hbc21106_2.conda
  - conda: https://conda.anaconda.org/conda-forge/linux-64/ld_impl_linux-64-2.39-hcc3a1bd_1.conda
  - conda: https://conda.anaconda.org/conda-forge/linux-64/libcurl-8.22.0-ha042cf0_0.conda
  - conda: https://conda.anaconda.org/conda-forge/linux-64/libedit-3.1.20250104-pl5321h373387f_1.conda
  - conda: https://conda.anaconda.org/conda-forge/linux-64/libev-4.33-h280c20c_3.conda
  - conda: https://conda.anaconda.org/conda-forge/linux-64/libexpat-2.8.4-hd2095e1_0.conda
  - conda: https://conda.anaconda.org/conda-forge/linux-64/libgcc-16.2.0-ha9f2e26_6.conda
  - conda: https://conda.anaconda.org/conda-forge/linux-64/libgcc-devel_linux-64-9.5.0-h0a57e50_19.tar.bz2
  - conda: https://conda.anaconda.org/conda-forge/linux-64/libgcc-ng-16.2.0-h69a702a_6.conda
  - conda: https://conda.anaconda.org/conda-forge/linux-64/libgomp-16.2.0-he0feb66_6.conda
  - conda: https://conda.anaconda.org/conda-forge/linux-64/liblzma-5.8.3-hb03c661_1.conda
  - conda: https://conda.anaconda.org/conda-forge/linux-64/libnghttp2-1.68.1-h74cf4be_1.conda
  - conda: https://conda.anaconda.org/conda-forge/linux-64/libpsl-0.23.1-hd9e3e90_1.conda
  - conda: https://conda.anaconda.org/conda-forge/linux-64/libsanitizer-9.5.0-h2f262e1_19.tar.bz2
  - conda: https://conda.anaconda.org/conda-forge/linux-64/libssh2-1.11.1-h6154650_1.conda
  - conda: https://conda.anaconda.org/conda-forge/linux-64/libstdcxx-16.2.0-h934c35e_6.conda
  - conda: https://conda.anaconda.org/conda-forge/linux-64/libstdcxx-devel_linux-64-9.5.0-h0a57e50_19.tar.bz2
  - conda: https://conda.anaconda.org/conda-forge/linux-64/libstdcxx-ng-16.2.0-hdf11a46_6.conda
  - conda: https://conda.anaconda.org/conda-forge/linux-64/libuv-1.52.1-h280c20c_1.conda
  - conda: https://conda.anaconda.org/conda-forge/linux-64/libzlib-1.3.2-h25fd6f3_3.conda
  - conda: https://conda.anaconda.org/conda-forge/linux-64/make-4.4.1-hb03c661_3.conda
  - conda: https://conda.anaconda.org/conda-forge/linux-64/ncurses-6.6-hdb14827_1.conda
  - conda: https://conda.anaconda.org/conda-forge/linux-64/openssl-3.6.4-h781a0a9_0.conda
  - conda: https://conda.anaconda.org/conda-forge/linux-64/rhash-1.4.6-hb03c661_2.conda
  - conda: https://conda.anaconda.org/conda-forge/linux-64/zstd-1.5.7-hb78ec9c_7.conda
  - conda: https://conda.anaconda.org/conda-forge/noarch/ca-certificates-2026.7.22-hbd8a1cb_0.conda
  - conda: https://conda.anaconda.org/conda-forge/noarch/kernel-headers_linux-64-4.18.0-he073ed8_9.conda
  - conda: https://conda.anaconda.org/conda-forge/noarch/sysroot_linux-64-2.28-h4ee821c_9.conda
  - conda: https://conda.anaconda.org/conda-forge/noarch/tzdata-2026c-h151e31d_0.conda
  host_packages:
  - conda: https://conda.anaconda.org/conda-forge/linux-64/_openmp_mutex-4.5-20_gnu.conda
  - conda: https://conda.anaconda.org/conda-forge/linux-64/libgcc-16.2.0-ha9f2e26_6.conda
  - conda: https://conda.anaconda.org/conda-forge/linux-64/libgcc-ng-16.2.0-h69a702a_6.conda
  - conda: https://conda.anaconda.org/conda-forge/linux-64/libgomp-16.2.0-he0feb66_6.conda
  - conda: https://conda.anaconda.org/conda-forge/linux-64/libstdcxx-16.2.0-h934c35e_6.conda
  - conda: https://conda.anaconda.org/conda-forge/linux-64/libstdcxx-ng-16.2.0-hdf11a46_6.conda
- conda_source: nlopt[11751e70] @ dependencies/nlopt
  variants:
    c_compiler_version: 9.5.0
    cxx_compiler_version: 9.5.0
    target_platform: linux-64
  depends:
  - libgcc-ng >=12
  - libgcc-ng >=12
  - libstdcxx-ng >=12
  license: LGPL-2.1-or-later
  run_exports:
    weak:
    - nlopt >=2.11.0,<2.12.0a0
  source_depends:
    nlopt:
      path: .
  build_packages:
  - conda: https://conda.anaconda.org/conda-forge/linux-64/_openmp_mutex-4.5-20_gnu.conda
  - conda: https://conda.anaconda.org/conda-forge/linux-64/binutils_impl_linux-64-2.39-he00db2b_1.conda
  - conda: https://conda.anaconda.org/conda-forge/linux-64/binutils_linux-64-2.39-h5fc0e48_13.conda
  - conda: https://conda.anaconda.org/conda-forge/linux-64/bzip2-1.0.8-hda65f42_10.conda
  - conda: https://conda.anaconda.org/conda-forge/linux-64/c-ares-1.34.8-hebe6cf0_2.conda
  - conda: https://conda.anaconda.org/conda-forge/linux-64/cmake-4.4.3-hff7ac6b_0.conda
  - conda: https://conda.anaconda.org/conda-forge/linux-64/gcc_impl_linux-64-9.5.0-h99780fb_19.tar.bz2
  - conda: https://conda.anaconda.org/conda-forge/linux-64/gcc_linux-64-9.5.0-h4258300_13.conda
  - conda: https://conda.anaconda.org/conda-forge/linux-64/gxx_impl_linux-64-9.5.0-h99780fb_19.tar.bz2
  - conda: https://conda.anaconda.org/conda-forge/linux-64/gxx_linux-64-9.5.0-h43f449f_13.conda
  - conda: https://conda.anaconda.org/conda-forge/linux-64/icu-78.3-py310h44b86e0_2.conda
  - conda: https://conda.anaconda.org/conda-forge/linux-64/keyutils-1.6.3-h7cc23a3_1.conda
  - conda: https://conda.anaconda.org/conda-forge/linux-64/krb5-1.22.2-hbc21106_2.conda
  - conda: https://conda.anaconda.org/conda-forge/linux-64/ld_impl_linux-64-2.39-hcc3a1bd_1.conda
  - conda: https://conda.anaconda.org/conda-forge/linux-64/libcurl-8.22.0-ha042cf0_0.conda
  - conda: https://conda.anaconda.org/conda-forge/linux-64/libedit-3.1.20250104-pl5321h373387f_1.conda
  - conda: https://conda.anaconda.org/conda-forge/linux-64/libev-4.33-h280c20c_3.conda
  - conda: https://conda.anaconda.org/conda-forge/linux-64/libexpat-2.8.4-hd2095e1_0.conda
  - conda: https://conda.anaconda.org/conda-forge/linux-64/libgcc-16.2.0-ha9f2e26_6.conda
  - conda: https://conda.anaconda.org/conda-forge/linux-64/libgcc-devel_linux-64-9.5.0-h0a57e50_19.tar.bz2
  - conda: https://conda.anaconda.org/conda-forge/linux-64/libgcc-ng-16.2.0-h69a702a_6.conda
  - conda: https://conda.anaconda.org/conda-forge/linux-64/libgomp-16.2.0-he0feb66_6.conda
  - conda: https://conda.anaconda.org/conda-forge/linux-64/liblzma-5.8.3-hb03c661_1.conda
  - conda: https://conda.anaconda.org/conda-forge/linux-64/libnghttp2-1.68.1-h74cf4be_1.conda
  - conda: https://conda.anaconda.org/conda-forge/linux-64/libpsl-0.23.1-hd9e3e90_1.conda
  - conda: https://conda.anaconda.org/conda-forge/linux-64/libsanitizer-9.5.0-h2f262e1_19.tar.bz2
  - conda: https://conda.anaconda.org/conda-forge/linux-64/libssh2-1.11.1-h6154650_1.conda
  - conda: https://conda.anaconda.org/conda-forge/linux-64/libstdcxx-16.2.0-h934c35e_6.conda
  - conda: https://conda.anaconda.org/conda-forge/linux-64/libstdcxx-devel_linux-64-9.5.0-h0a57e50_19.tar.bz2
  - conda: https://conda.anaconda.org/conda-forge/linux-64/libstdcxx-ng-16.2.0-hdf11a46_6.conda
  - conda: https://conda.anaconda.org/conda-forge/linux-64/libuv-1.52.1-h280c20c_1.conda
  - conda: https://conda.anaconda.org/conda-forge/linux-64/libzlib-1.3.2-h25fd6f3_3.conda
  - conda: https://conda.anaconda.org/conda-forge/linux-64/make-4.4.1-hb03c661_3.conda
  - conda: https://conda.anaconda.org/conda-forge/linux-64/ncurses-6.6-hdb14827_1.conda
  - conda: https://conda.anaconda.org/conda-forge/linux-64/openssl-3.6.4-h781a0a9_0.conda
  - conda: https://conda.anaconda.org/conda-forge/linux-64/rhash-1.4.6-hb03c661_2.conda
  - conda: https://conda.anaconda.org/conda-forge/linux-64/zstd-1.5.7-hb78ec9c_7.conda
  - conda: https://conda.anaconda.org/conda-forge/noarch/ca-certificates-2026.7.22-hbd8a1cb_0.conda
  - conda: https://conda.anaconda.org/conda-forge/noarch/kernel-headers_linux-64-4.18.0-he073ed8_9.conda
  - conda: https://conda.anaconda.org/conda-forge/noarch/sysroot_linux-64-2.28-h4ee821c_9.conda
  - conda: https://conda.anaconda.org/conda-forge/noarch/tzdata-2026c-h151e31d_0.conda
  host_packages:
  - conda: https://conda.anaconda.org/conda-forge/linux-64/_openmp_mutex-4.5-20_gnu.conda
  - conda: https://conda.anaconda.org/conda-forge/linux-64/libgcc-16.2.0-ha9f2e26_6.conda
  - conda: https://conda.anaconda.org/conda-forge/linux-64/libgcc-ng-16.2.0-h69a702a_6.conda
  - conda: https://conda.anaconda.org/conda-forge/linux-64/libgomp-16.2.0-he0feb66_6.conda
  - conda: https://conda.anaconda.org/conda-forge/linux-64/libstdcxx-16.2.0-h934c35e_6.conda
  - conda: https://conda.anaconda.org/conda-forge/linux-64/libstdcxx-ng-16.2.0-hdf11a46_6.conda
- conda_source: x264-static[861eac7a] @ ./dependencies/x264
  variants:
    target_platform: linux-64
    x264: 1!164.3095 hb0f4dca_0
  depends:
  - x264 ==1!164.3095 hb0f4dca_0
  - libgcc >=16
  license: GPL-2.0-or-later
  source_depends:
    x264:
      path: .
  build_packages:
  - conda: https://conda.anaconda.org/conda-forge/linux-64/_openmp_mutex-4.5-20_gnu.conda
  - conda: https://conda.anaconda.org/conda-forge/linux-64/binutils_impl_linux-64-2.46.1-default_hfdba357_102.conda
  - conda: https://conda.anaconda.org/conda-forge/linux-64/binutils_linux-64-2.46.1-default_h4852527_102.conda
  - conda: https://conda.anaconda.org/conda-forge/linux-64/gcc_impl_linux-64-16.2.0-hc7abebd_6.conda
  - conda: https://conda.anaconda.org/conda-forge/linux-64/gcc_linux-64-16.2.0-h0ab548f_2.conda
  - conda: https://conda.anaconda.org/conda-forge/linux-64/ld_impl_linux-64-2.46.1-default_hbd61a6d_102.conda
  - conda: https://conda.anaconda.org/conda-forge/linux-64/libgcc-16.2.0-ha9f2e26_6.conda
  - conda: https://conda.anaconda.org/conda-forge/linux-64/libgcc-ng-16.2.0-h69a702a_6.conda
  - conda: https://conda.anaconda.org/conda-forge/linux-64/libgomp-16.2.0-he0feb66_6.conda
  - conda: https://conda.anaconda.org/conda-forge/linux-64/libsanitizer-16.2.0-h3048135_6.conda
  - conda: https://conda.anaconda.org/conda-forge/linux-64/libstdcxx-16.2.0-h934c35e_6.conda
  - conda: https://conda.anaconda.org/conda-forge/linux-64/libxcrypt-4.4.38-h280c20c_0.conda
  - conda: https://conda.anaconda.org/conda-forge/linux-64/libzlib-1.3.2-h25fd6f3_3.conda
  - conda: https://conda.anaconda.org/conda-forge/linux-64/make-4.4.1-hb03c661_3.conda
  - conda: https://conda.anaconda.org/conda-forge/linux-64/nasm-2.16.03-h4bc722e_1.conda
  - conda: https://conda.anaconda.org/conda-forge/linux-64/perl-5.44.0-0_h7cc23a3_perl5.conda
  - conda: https://conda.anaconda.org/conda-forge/linux-64/zstd-1.5.7-hb78ec9c_7.conda
  - conda: https://conda.anaconda.org/conda-forge/noarch/gnuconfig-2025.07.09-hd8ed1ab_0.conda
  - conda: https://conda.anaconda.org/conda-forge/noarch/kernel-headers_linux-64-4.18.0-he073ed8_9.conda
  - conda: https://conda.anaconda.org/conda-forge/noarch/libgcc-devel_linux-64-16.2.0-he3ce08f_106.conda
  - conda: https://conda.anaconda.org/conda-forge/noarch/libstdcxx-devel_linux-64-16.2.0-h86e191b_106.conda
  - conda: https://conda.anaconda.org/conda-forge/noarch/sysroot_linux-64-2.28-h4ee821c_9.conda
  - conda: https://conda.anaconda.org/conda-forge/noarch/tzdata-2026c-h151e31d_0.conda
  host_packages:
  - conda: https://conda.anaconda.org/conda-forge/linux-64/_openmp_mutex-4.5-20_gnu.conda
  - conda: https://conda.anaconda.org/conda-forge/linux-64/libgcc-16.2.0-ha9f2e26_6.conda
  - conda: https://conda.anaconda.org/conda-forge/linux-64/libgomp-16.2.0-he0feb66_6.conda
- conda_source: x264[ca2b0919] @ dependencies/x264
  variants:
    target_platform: linux-64
  depends:
  - libgcc >=16
  license: GPL-2.0-or-later
  run_exports:
    weak:
    - x264 >=1!164.3095,<1!165.0a0
  source_depends:
    x264:
      path: .
  build_packages:
  - conda: https://conda.anaconda.org/conda-forge/linux-64/_openmp_mutex-4.5-20_gnu.conda
  - conda: https://conda.anaconda.org/conda-forge/linux-64/binutils_impl_linux-64-2.46.1-default_hfdba357_102.conda
  - conda: https://conda.anaconda.org/conda-forge/linux-64/binutils_linux-64-2.46.1-default_h4852527_102.conda
  - conda: https://conda.anaconda.org/conda-forge/linux-64/gcc_impl_linux-64-16.2.0-hc7abebd_6.conda
  - conda: https://conda.anaconda.org/conda-forge/linux-64/gcc_linux-64-16.2.0-h0ab548f_2.conda
  - conda: https://conda.anaconda.org/conda-forge/linux-64/ld_impl_linux-64-2.46.1-default_hbd61a6d_102.conda
  - conda: https://conda.anaconda.org/conda-forge/linux-64/libgcc-16.2.0-ha9f2e26_6.conda
  - conda: https://conda.anaconda.org/conda-forge/linux-64/libgcc-ng-16.2.0-h69a702a_6.conda
  - conda: https://conda.anaconda.org/conda-forge/linux-64/libgomp-16.2.0-he0feb66_6.conda
  - conda: https://conda.anaconda.org/conda-forge/linux-64/libsanitizer-16.2.0-h3048135_6.conda
  - conda: https://conda.anaconda.org/conda-forge/linux-64/libstdcxx-16.2.0-h934c35e_6.conda
  - conda: https://conda.anaconda.org/conda-forge/linux-64/libxcrypt-4.4.38-h280c20c_0.conda
  - conda: https://conda.anaconda.org/conda-forge/linux-64/libzlib-1.3.2-h25fd6f3_3.conda
  - conda: https://conda.anaconda.org/conda-forge/linux-64/make-4.4.1-hb03c661_3.conda
  - conda: https://conda.anaconda.org/conda-forge/linux-64/nasm-2.16.03-h4bc722e_1.conda
  - conda: https://conda.anaconda.org/conda-forge/linux-64/perl-5.44.0-0_h7cc23a3_perl5.conda
  - conda: https://conda.anaconda.org/conda-forge/linux-64/zstd-1.5.7-hb78ec9c_7.conda
  - conda: https://conda.anaconda.org/conda-forge/noarch/gnuconfig-2025.07.09-hd8ed1ab_0.conda
  - conda: https://conda.anaconda.org/conda-forge/noarch/kernel-headers_linux-64-4.18.0-he073ed8_9.conda
  - conda: https://conda.anaconda.org/conda-forge/noarch/libgcc-devel_linux-64-16.2.0-he3ce08f_106.conda
  - conda: https://conda.anaconda.org/conda-forge/noarch/libstdcxx-devel_linux-64-16.2.0-h86e191b_106.conda
  - conda: https://conda.anaconda.org/conda-forge/noarch/sysroot_linux-64-2.28-h4ee821c_9.conda
  - conda: https://conda.anaconda.org/conda-forge/noarch/tzdata-2026c-h151e31d_0.conda
  host_packages:
  - conda: https://conda.anaconda.org/conda-forge/linux-64/_openmp_mutex-4.5-20_gnu.conda
  - conda: https://conda.anaconda.org/conda-forge/linux-64/libgcc-16.2.0-ha9f2e26_6.conda
  - conda: https://conda.anaconda.org/conda-forge/linux-64/libgomp-16.2.0-he0feb66_6.conda
